
Microsoft Visual Studio Solution File, Format Version 12.00
# Visual Studio Version 17
VisualStudioVersion = 17.5.33424.131
MinimumVisualStudioVersion = 10.0.40219.1
Project("{FAE04EC0-301F-11D3-BF4B-00C04F79EFBC}") = "AGV Dashboards.Android", "AGV Dashboards\AGV Dashboards.Android\AGV Dashboards.Android.csproj", "{3CEF1842-2482-4AF6-9D9A-D154DD2DEBA0}"
EndProject
Project("{FAE04EC0-301F-11D3-BF4B-00C04F79EFBC}") = "AGV Dashboards.iOS", "AGV Dashboards\AGV Dashboards.iOS\AGV Dashboards.iOS.csproj", "{D1E93423-3B5C-4CAC-85FC-4AA4F4C6BA2B}"
EndProject
Project("{9A19103F-16F7-4668-BE54-9A1E7A4F7556}") = "AGV Dashboards", "AGV Dashboards\AGV Dashboards\AGV Dashboards.csproj", "{7B4ECFD0-E521-466A-A0F6-8BB60346FD68}"
EndProject
Global
	GlobalSection(SolutionConfigurationPlatforms) = preSolution
		Debug|Any CPU = Debug|Any CPU
		Debug|ARM = Debug|ARM
		Debug|iPhone = Debug|iPhone
		Debug|iPhoneSimulator = Debug|iPhoneSimulator
		Debug|x64 = Debug|x64
		Debug|x86 = Debug|x86
		Release|Any CPU = Release|Any CPU
		Release|ARM = Release|ARM
		Release|iPhone = Release|iPhone
		Release|iPhoneSimulator = Release|iPhoneSimulator
		Release|x64 = Release|x64
		Release|x86 = Release|x86
	EndGlobalSection
	GlobalSection(ProjectConfigurationPlatforms) = postSolution
		{3CEF1842-2482-4AF6-9D9A-D154DD2DEBA0}.Debug|Any CPU.ActiveCfg = Debug|Any CPU
		{3CEF1842-2482-4AF6-9D9A-D154DD2DEBA0}.Debug|Any CPU.Build.0 = Debug|Any CPU
		{3CEF1842-2482-4AF6-9D9A-D154DD2DEBA0}.Debug|Any CPU.Deploy.0 = Debug|Any CPU
		{3CEF1842-2482-4AF6-9D9A-D154DD2DEBA0}.Debug|ARM.ActiveCfg = Debug|Any CPU
		{3CEF1842-2482-4AF6-9D9A-D154DD2DEBA0}.Debug|ARM.Build.0 = Debug|Any CPU
		{3CEF1842-2482-4AF6-9D9A-D154DD2DEBA0}.Debug|ARM.Deploy.0 = Debug|Any CPU
		{3CEF1842-2482-4AF6-9D9A-D154DD2DEBA0}.Debug|iPhone.ActiveCfg = Debug|Any CPU
		{3CEF1842-2482-4AF6-9D9A-D154DD2DEBA0}.Debug|iPhone.Build.0 = Debug|Any CPU
		{3CEF1842-2482-4AF6-9D9A-D154DD2DEBA0}.Debug|iPhone.Deploy.0 = Debug|Any CPU
		{3CEF1842-2482-4AF6-9D9A-D154DD2DEBA0}.Debug|iPhoneSimulator.ActiveCfg = Debug|Any CPU
		{3CEF1842-2482-4AF6-9D9A-D154DD2DEBA0}.Debug|iPhoneSimulator.Build.0 = Debug|Any CPU
		{3CEF1842-2482-4AF6-9D9A-D154DD2DEBA0}.Debug|iPhoneSimulator.Deploy.0 = Debug|Any CPU
		{3CEF1842-2482-4AF6-9D9A-D154DD2DEBA0}.Debug|x64.ActiveCfg = Debug|Any CPU
		{3CEF1842-2482-4AF6-9D9A-D154DD2DEBA0}.Debug|x64.Build.0 = Debug|Any CPU
		{3CEF1842-2482-4AF6-9D9A-D154DD2DEBA0}.Debug|x64.Deploy.0 = Debug|Any CPU
		{3CEF1842-2482-4AF6-9D9A-D154DD2DEBA0}.Debug|x86.ActiveCfg = Debug|Any CPU
		{3CEF1842-2482-4AF6-9D9A-D154DD2DEBA0}.Debug|x86.Build.0 = Debug|Any CPU
		{3CEF1842-2482-4AF6-9D9A-D154DD2DEBA0}.Debug|x86.Deploy.0 = Debug|Any CPU
		{3CEF1842-2482-4AF6-9D9A-D154DD2DEBA0}.Release|Any CPU.ActiveCfg = Release|Any CPU
		{3CEF1842-2482-4AF6-9D9A-D154DD2DEBA0}.Release|Any CPU.Build.0 = Release|Any CPU
		{3CEF1842-2482-4AF6-9D9A-D154DD2DEBA0}.Release|Any CPU.Deploy.0 = Release|Any CPU
		{3CEF1842-2482-4AF6-9D9A-D154DD2DEBA0}.Release|ARM.ActiveCfg = Release|Any CPU
		{3CEF1842-2482-4AF6-9D9A-D154DD2DEBA0}.Release|ARM.Build.0 = Release|Any CPU
		{3CEF1842-2482-4AF6-9D9A-D154DD2DEBA0}.Release|ARM.Deploy.0 = Release|Any CPU
		{3CEF1842-2482-4AF6-9D9A-D154DD2DEBA0}.Release|iPhone.ActiveCfg = Release|Any CPU
		{3CEF1842-2482-4AF6-9D9A-D154DD2DEBA0}.Release|iPhone.Build.0 = Release|Any CPU
		{3CEF1842-2482-4AF6-9D9A-D154DD2DEBA0}.Release|iPhone.Deploy.0 = Release|Any CPU
		{3CEF1842-2482-4AF6-9D9A-D154DD2DEBA0}.Release|iPhoneSimulator.ActiveCfg = Release|Any CPU
		{3CEF1842-2482-4AF6-9D9A-D154DD2DEBA0}.Release|iPhoneSimulator.Build.0 = Release|Any CPU
		{3CEF1842-2482-4AF6-9D9A-D154DD2DEBA0}.Release|iPhoneSimulator.Deploy.0 = Release|Any CPU
		{3CEF1842-2482-4AF6-9D9A-D154DD2DEBA0}.Release|x64.ActiveCfg = Release|Any CPU
		{3CEF1842-2482-4AF6-9D9A-D154DD2DEBA0}.Release|x64.Build.0 = Release|Any CPU
		{3CEF1842-2482-4AF6-9D9A-D154DD2DEBA0}.Release|x64.Deploy.0 = Release|Any CPU
		{3CEF1842-2482-4AF6-9D9A-D154DD2DEBA0}.Release|x86.ActiveCfg = Release|Any CPU
		{3CEF1842-2482-4AF6-9D9A-D154DD2DEBA0}.Release|x86.Build.0 = Release|Any CPU
		{3CEF1842-2482-4AF6-9D9A-D154DD2DEBA0}.Release|x86.Deploy.0 = Release|Any CPU
		{D1E93423-3B5C-4CAC-85FC-4AA4F4C6BA2B}.Debug|Any CPU.ActiveCfg = Debug|iPhoneSimulator
		{D1E93423-3B5C-4CAC-85FC-4AA4F4C6BA2B}.Debug|Any CPU.Build.0 = Debug|iPhoneSimulator
		{D1E93423-3B5C-4CAC-85FC-4AA4F4C6BA2B}.Debug|Any CPU.Deploy.0 = Debug|iPhoneSimulator
		{D1E93423-3B5C-4CAC-85FC-4AA4F4C6BA2B}.Debug|ARM.ActiveCfg = Debug|iPhoneSimulator
		{D1E93423-3B5C-4CAC-85FC-4AA4F4C6BA2B}.Debug|ARM.Build.0 = Debug|iPhoneSimulator
		{D1E93423-3B5C-4CAC-85FC-4AA4F4C6BA2B}.Debug|ARM.Deploy.0 = Debug|iPhoneSimulator
		{D1E93423-3B5C-4CAC-85FC-4AA4F4C6BA2B}.Debug|iPhone.ActiveCfg = Debug|iPhone
		{D1E93423-3B5C-4CAC-85FC-4AA4F4C6BA2B}.Debug|iPhone.Build.0 = Debug|iPhone
		{D1E93423-3B5C-4CAC-85FC-4AA4F4C6BA2B}.Debug|iPhone.Deploy.0 = Debug|iPhone
		{D1E93423-3B5C-4CAC-85FC-4AA4F4C6BA2B}.Debug|iPhoneSimulator.ActiveCfg = Debug|iPhoneSimulator
		{D1E93423-3B5C-4CAC-85FC-4AA4F4C6BA2B}.Debug|iPhoneSimulator.Build.0 = Debug|iPhoneSimulator
		{D1E93423-3B5C-4CAC-85FC-4AA4F4C6BA2B}.Debug|iPhoneSimulator.Deploy.0 = Debug|iPhoneSimulator
		{D1E93423-3B5C-4CAC-85FC-4AA4F4C6BA2B}.Debug|x64.ActiveCfg = Debug|iPhone
		{D1E93423-3B5C-4CAC-85FC-4AA4F4C6BA2B}.Debug|x64.Build.0 = Debug|iPhone
		{D1E93423-3B5C-4CAC-85FC-4AA4F4C6BA2B}.Debug|x64.Deploy.0 = Debug|iPhone
		{D1E93423-3B5C-4CAC-85FC-4AA4F4C6BA2B}.Debug|x86.ActiveCfg = Debug|iPhoneSimulator
		{D1E93423-3B5C-4CAC-85FC-4AA4F4C6BA2B}.Debug|x86.Build.0 = Debug|iPhoneSimulator
		{D1E93423-3B5C-4CAC-85FC-4AA4F4C6BA2B}.Debug|x86.Deploy.0 = Debug|iPhoneSimulator
		{D1E93423-3B5C-4CAC-85FC-4AA4F4C6BA2B}.Release|Any CPU.ActiveCfg = Release|iPhoneSimulator
		{D1E93423-3B5C-4CAC-85FC-4AA4F4C6BA2B}.Release|Any CPU.Build.0 = Release|iPhoneSimulator
		{D1E93423-3B5C-4CAC-85FC-4AA4F4C6BA2B}.Release|Any CPU.Deploy.0 = Release|iPhoneSimulator
		{D1E93423-3B5C-4CAC-85FC-4AA4F4C6BA2B}.Release|ARM.ActiveCfg = Release|iPhoneSimulator
		{D1E93423-3B5C-4CAC-85FC-4AA4F4C6BA2B}.Release|ARM.Build.0 = Release|iPhoneSimulator
		{D1E93423-3B5C-4CAC-85FC-4AA4F4C6BA2B}.Release|ARM.Deploy.0 = Release|iPhoneSimulator
		{D1E93423-3B5C-4CAC-85FC-4AA4F4C6BA2B}.Release|iPhone.ActiveCfg = Release|iPhone
		{D1E93423-3B5C-4CAC-85FC-4AA4F4C6BA2B}.Release|iPhone.Build.0 = Release|iPhone
		{D1E93423-3B5C-4CAC-85FC-4AA4F4C6BA2B}.Release|iPhone.Deploy.0 = Release|iPhone
		{D1E93423-3B5C-4CAC-85FC-4AA4F4C6BA2B}.Release|iPhoneSimulator.ActiveCfg = Release|iPhoneSimulator
		{D1E93423-3B5C-4CAC-85FC-4AA4F4C6BA2B}.Release|iPhoneSimulator.Build.0 = Release|iPhoneSimulator
		{D1E93423-3B5C-4CAC-85FC-4AA4F4C6BA2B}.Release|iPhoneSimulator.Deploy.0 = Release|iPhoneSimulator
		{D1E93423-3B5C-4CAC-85FC-4AA4F4C6BA2B}.Release|x64.ActiveCfg = Release|iPhoneSimulator
		{D1E93423-3B5C-4CAC-85FC-4AA4F4C6BA2B}.Release|x64.Build.0 = Release|iPhoneSimulator
		{D1E93423-3B5C-4CAC-85FC-4AA4F4C6BA2B}.Release|x64.Deploy.0 = Release|iPhoneSimulator
		{D1E93423-3B5C-4CAC-85FC-4AA4F4C6BA2B}.Release|x86.ActiveCfg = Release|iPhoneSimulator
		{D1E93423-3B5C-4CAC-85FC-4AA4F4C6BA2B}.Release|x86.Build.0 = Release|iPhoneSimulator
		{D1E93423-3B5C-4CAC-85FC-4AA4F4C6BA2B}.Release|x86.Deploy.0 = Release|iPhoneSimulator
		{7B4ECFD0-E521-466A-A0F6-8BB60346FD68}.Debug|Any CPU.ActiveCfg = Debug|Any CPU
		{7B4ECFD0-E521-466A-A0F6-8BB60346FD68}.Debug|Any CPU.Build.0 = Debug|Any CPU
		{7B4ECFD0-E521-466A-A0F6-8BB60346FD68}.Debug|Any CPU.Deploy.0 = Debug|Any CPU
		{7B4ECFD0-E521-466A-A0F6-8BB60346FD68}.Debug|ARM.ActiveCfg = Debug|Any CPU
		{7B4ECFD0-E521-466A-A0F6-8BB60346FD68}.Debug|ARM.Build.0 = Debug|Any CPU
		{7B4ECFD0-E521-466A-A0F6-8BB60346FD68}.Debug|ARM.Deploy.0 = Debug|Any CPU
		{7B4ECFD0-E521-466A-A0F6-8BB60346FD68}.Debug|iPhone.ActiveCfg = Debug|Any CPU
		{7B4ECFD0-E521-466A-A0F6-8BB60346FD68}.Debug|iPhone.Build.0 = Debug|Any CPU
		{7B4ECFD0-E521-466A-A0F6-8BB60346FD68}.Debug|iPhone.Deploy.0 = Debug|Any CPU
		{7B4ECFD0-E521-466A-A0F6-8BB60346FD68}.Debug|iPhoneSimulator.ActiveCfg = Debug|Any CPU
		{7B4ECFD0-E521-466A-A0F6-8BB60346FD68}.Debug|iPhoneSimulator.Build.0 = Debug|Any CPU
		{7B4ECFD0-E521-466A-A0F6-8BB60346FD68}.Debug|iPhoneSimulator.Deploy.0 = Debug|Any CPU
		{7B4ECFD0-E521-466A-A0F6-8BB60346FD68}.Debug|x64.ActiveCfg = Debug|Any CPU
		{7B4ECFD0-E521-466A-A0F6-8BB60346FD68}.Debug|x64.Build.0 = Debug|Any CPU
		{7B4ECFD0-E521-466A-A0F6-8BB60346FD68}.Debug|x64.Deploy.0 = Debug|Any CPU
		{7B4ECFD0-E521-466A-A0F6-8BB60346FD68}.Debug|x86.ActiveCfg = Debug|Any CPU
		{7B4ECFD0-E521-466A-A0F6-8BB60346FD68}.Debug|x86.Build.0 = Debug|Any CPU
		{7B4ECFD0-E521-466A-A0F6-8BB60346FD68}.Debug|x86.Deploy.0 = Debug|Any CPU
		{7B4ECFD0-E521-466A-A0F6-8BB60346FD68}.Release|Any CPU.ActiveCfg = Release|Any CPU
		{7B4ECFD0-E521-466A-A0F6-8BB60346FD68}.Release|Any CPU.Build.0 = Release|Any CPU
		{7B4ECFD0-E521-466A-A0F6-8BB60346FD68}.Release|Any CPU.Deploy.0 = Release|Any CPU
		{7B4ECFD0-E521-466A-A0F6-8BB60346FD68}.Release|ARM.ActiveCfg = Release|Any CPU
		{7B4ECFD0-E521-466A-A0F6-8BB60346FD68}.Release|ARM.Build.0 = Release|Any CPU
		{7B4ECFD0-E521-466A-A0F6-8BB60346FD68}.Release|ARM.Deploy.0 = Release|Any CPU
		{7B4ECFD0-E521-466A-A0F6-8BB60346FD68}.Release|iPhone.ActiveCfg = Release|Any CPU
		{7B4ECFD0-E521-466A-A0F6-8BB60346FD68}.Release|iPhone.Build.0 = Release|Any CPU
		{7B4ECFD0-E521-466A-A0F6-8BB60346FD68}.Release|iPhone.Deploy.0 = Release|Any CPU
		{7B4ECFD0-E521-466A-A0F6-8BB60346FD68}.Release|iPhoneSimulator.ActiveCfg = Release|Any CPU
		{7B4ECFD0-E521-466A-A0F6-8BB60346FD68}.Release|iPhoneSimulator.Build.0 = Release|Any CPU
		{7B4ECFD0-E521-466A-A0F6-8BB60346FD68}.Release|iPhoneSimulator.Deploy.0 = Release|Any CPU
		{7B4ECFD0-E521-466A-A0F6-8BB60346FD68}.Release|x64.ActiveCfg = Release|Any CPU
		{7B4ECFD0-E521-466A-A0F6-8BB60346FD68}.Release|x64.Build.0 = Release|Any CPU
		{7B4ECFD0-E521-466A-A0F6-8BB60346FD68}.Release|x64.Deploy.0 = Release|Any CPU
		{7B4ECFD0-E521-466A-A0F6-8BB60346FD68}.Release|x86.ActiveCfg = Release|Any CPU
		{7B4ECFD0-E521-466A-A0F6-8BB60346FD68}.Release|x86.Build.0 = Release|Any CPU
		{7B4ECFD0-E521-466A-A0F6-8BB60346FD68}.Release|x86.Deploy.0 = Release|Any CPU
	EndGlobalSection
	GlobalSection(SolutionProperties) = preSolution
		HideSolutionNode = FALSE
	EndGlobalSection
	GlobalSection(ExtensibilityGlobals) = postSolution
		SolutionGuid = {96FF279D-5FF1-4F4E-9D7E-9670E640EE0A}
	EndGlobalSection
EndGlobal
